
Microsoft Visual Studio Solution File, Format Version 12.00
# Visual Studio Version 17
VisualStudioVersion = 17.8.34511.84
MinimumVisualStudioVersion = 10.0.40219.1
Project("{FAE04EC0-301F-11D3-BF4B-00C04F79EFBC}") = "PorkbunDynamicDNS", "PorkbunDynamicDNS\PorkbunDynamicDNS.csproj", "{C215B666-AEAF-472D-B954-276537063A8A}"
EndProject
Global
	GlobalSection(SolutionConfigurationPlatforms) = preSolution
		Debug|Any CPU = Debug|Any CPU
		Release|Any CPU = Release|Any CPU
	EndGlobalSection
	GlobalSection(ProjectConfigurationPlatforms) = postSolution
		{C215B666-AEAF-472D-B954-276537063A8A}.Debug|Any CPU.ActiveCfg = Debug|Any CPU
		{C215B666-AEAF-472D-B954-276537063A8A}.Debug|Any CPU.Build.0 = Debug|Any CPU
		{C215B666-AEAF-472D-B954-276537063A8A}.Release|Any CPU.ActiveCfg = Release|Any CPU
		{C215B666-AEAF-472D-B954-276537063A8A}.Release|Any CPU.Build.0 = Release|Any CPU
	EndGlobalSection
	GlobalSection(SolutionProperties) = preSolution
		HideSolutionNode = FALSE
	EndGlobalSection
	GlobalSection(ExtensibilityGlobals) = postSolution
		SolutionGuid = {5D9FB8A7-76A7-4CAC-8453-AF2912A05E3C}
	EndGlobalSection
EndGlobal
